<?xml version="1.0" encoding="utf-8"?>
<Project ToolsVersion="4.0" xmlns="http://schemas.microsoft.com/developer/msbuild/2003">
  <ItemGroup>
    <ClCompile Include=".\ServiceRouterApp.cpp" />
    <ClCompile Include=".\sMain.cpp" />
    <ClCompile Include=".\ServiceRouterApp_NetCmd.cpp" />
    <ClCompile Include=".\network\RouterSession.cpp">
      <Filter>network</Filter>
    </ClCompile>
    <ClCompile Include=".\chatmodule\ChatModule.cpp">
      <Filter>chat</Filter>
    </ClCompile>
    <ClCompile Include=".\chatmodule\ChatModule_Network.cpp">
      <Filter>chat</Filter>
    </ClCompile>
    <ClCompile Include=".\network\ChatServiceLinkFrom.cpp">
      <Filter>network</Filter>
    </ClCompile>
    <ClCompile Include=".\network\FriendServiceLinkFrom.cpp">
      <Filter>network</Filter>
    </ClCompile>
    <ClCompile Include=".\network\GateServiceLinkFrom.cpp">
      <Filter>network</Filter>
    </ClCompile>
    <ClCompile Include=".\network\MailServiceLinkFrom.cpp">
      <Filter>network</Filter>
    </ClCompile>
    <ClCompile Include=".\network\DataRouterLinkTo.cpp">
      <Filter>network</Filter>
    </ClCompile>
  </ItemGroup>
  <ItemGroup>
    <ClInclude Include=".\ServiceRouterApp.h" />
    <ClInclude Include=".\network\RouterSession.h">
      <Filter>network</Filter>
    </ClInclude>
    <ClInclude Include=".\config\RouterConfig.h">
      <Filter>config</Filter>
    </ClInclude>
    <ClInclude Include=".\chatmodule\ChatModule.h">
      <Filter>chat</Filter>
    </ClInclude>
    <ClInclude Include=".\network\ChatServiceLinkFrom.h">
      <Filter>network</Filter>
    </ClInclude>
    <ClInclude Include=".\network\FriendServiceLinkFrom.h">
      <Filter>network</Filter>
    </ClInclude>
    <ClInclude Include=".\network\GateServiceLinkFrom.h">
      <Filter>network</Filter>
    </ClInclude>
    <ClInclude Include=".\network\MailServiceLinkFrom.h">
      <Filter>network</Filter>
    </ClInclude>
    <ClInclude Include=".\network\DataRouterLinkTo.h">
      <Filter>network</Filter>
    </ClInclude>
  </ItemGroup>
  <ItemGroup>
    <Text Include=".\ReadMe.txt" />
  </ItemGroup>
  <ItemGroup>
    <Filter Include="network">
      <UniqueIdentifier>{155dba6b-086e-40d4-b38d-0f3a3651c8dd}</UniqueIdentifier>
    </Filter>
    <Filter Include="config">
      <UniqueIdentifier>{491b1450-d94a-4186-9860-f912276ec899}</UniqueIdentifier>
    </Filter>
    <Filter Include="chat">
      <UniqueIdentifier>{19f8384e-2be7-4f89-af23-38426d46a9e1}</UniqueIdentifier>
    </Filter>
  </ItemGroup>
</Project>