<?xml version="1.0" encoding="utf-8"?>
<Project ToolsVersion="4.0" xmlns="http://schemas.microsoft.com/developer/msbuild/2003">
  <ItemGroup>
    <ClCompile Include="..\source\DataRouter\DataRouterApp.cpp" />
    <ClCompile Include="..\source\DataRouter\sMain.cpp" />
    <ClCompile Include="..\source\DataRouter\DataRouterApp_NetCmd.cpp" />
    <ClCompile Include="..\source\DataRouter\network\RouterSession.cpp">
      <Filter>network</Filter>
    </ClCompile>
    <ClCompile Include="..\source\DataRouter\network\GateServiceLinkFrom.cpp">
      <Filter>network</Filter>
    </ClCompile>
    <ClCompile Include="..\source\DataRouter\network\HomeServiceLinkFrom.cpp">
      <Filter>network</Filter>
    </ClCompile>
  </ItemGroup>
  <ItemGroup>
    <ClInclude Include="..\source\DataRouter\DataRouterApp.h" />
    <ClInclude Include="..\source\DataRouter\network\RouterSession.h">
      <Filter>network</Filter>
    </ClInclude>
    <ClInclude Include="..\source\DataRouter\config\RouterConfig.h">
      <Filter>config</Filter>
    </ClInclude>
    <ClInclude Include="..\source\DataRouter\network\GateServiceLinkFrom.h">
      <Filter>network</Filter>
    </ClInclude>
    <ClInclude Include="..\source\DataRouter\network\HomeServiceLinkFrom.h">
      <Filter>network</Filter>
    </ClInclude>
  </ItemGroup>
  <ItemGroup>
    <Text Include="..\source\DataRouter\ReadMe.txt" />
  </ItemGroup>
  <ItemGroup>
    <Filter Include="network">
      <UniqueIdentifier>{155dba6b-086e-40d4-b38d-0f3a3651c8dd}</UniqueIdentifier>
    </Filter>
    <Filter Include="config">
      <UniqueIdentifier>{491b1450-d94a-4186-9860-f912276ec899}</UniqueIdentifier>
    </Filter>
  </ItemGroup>
</Project>