<?xml version="1.0" encoding="utf-8"?>
<Project ToolsVersion="4.0" xmlns="http://schemas.microsoft.com/developer/msbuild/2003">
  <ItemGroup>
    <ClInclude Include="..\source\libs\gameLib\LogExt.h" />
    <ClInclude Include="..\source\libs\gameLib\GameDef.h" />
    <ClInclude Include="..\source\libs\gameLib\config\ConfigTool.h">
      <Filter>config</Filter>
    </ClInclude>
    <ClInclude Include="..\source\libs\gameLib\config\FileConfigSourceImpl.h">
      <Filter>config</Filter>
    </ClInclude>
    <ClInclude Include="..\source\libs\gameLib\config\HttpConfigSourceImpl.h">
      <Filter>config</Filter>
    </ClInclude>
    <ClInclude Include="..\source\libs\gameLib\config\IConfigContentSource.h">
      <Filter>config</Filter>
    </ClInclude>
    <ClInclude Include="..\source\libs\gameLib\service_type.h" />
    <ClInclude Include="..\source\libs\gameLib\config\ConfigHelper.h">
      <Filter>config</Filter>
    </ClInclude>
    <ClInclude Include="..\source\libs\gameLib\config\DatabaseOption.h">
      <Filter>config</Filter>
    </ClInclude>
    <ClInclude Include="..\source\libs\gameLib\config\EurekaConfig.h">
      <Filter>config</Filter>
    </ClInclude>
    <ClInclude Include="..\source\libs\gameLib\config\RedisOption.h">
      <Filter>config</Filter>
    </ClInclude>
    <ClInclude Include="..\source\libs\gameLib\config\GlobalOption.h">
      <Filter>config</Filter>
    </ClInclude>
    <ClInclude Include="..\source\libs\gameLib\redis\global_redis_const.h">
      <Filter>redis</Filter>
    </ClInclude>
    <ClInclude Include="..\source\libs\gameLib\eureka\EurekaClusterClient.h">
      <Filter>eureka</Filter>
    </ClInclude>
    <ClInclude Include="..\source\libs\gameLib\eureka\EurekaClusterLink.h">
      <Filter>eureka</Filter>
    </ClInclude>
    <ClInclude Include="..\source\libs\gameLib\eureka\EurekaNodeInfo.h">
      <Filter>eureka</Filter>
    </ClInclude>
    <ClInclude Include="..\source\libs\gameLib\protobuf\cpp\eureka_internal.pb.h">
      <Filter>protobuf\cpp</Filter>
    </ClInclude>
    <ClInclude Include="..\source\libs\gameLib\protobuf\Proto_all.h">
      <Filter>protobuf</Filter>
    </ClInclude>
    <ClInclude Include="..\source\libs\gameLib\redis\DTaskRedis.h">
      <Filter>redis</Filter>
    </ClInclude>
    <ClInclude Include="..\source\libs\gameLib\eureka\ServiceNodeInfo.h">
      <Filter>eureka</Filter>
    </ClInclude>
    <ClInclude Include="..\source\libs\gameLib\eureka\IEurekaClientIntegrate.h">
      <Filter>eureka</Filter>
    </ClInclude>
    <ClInclude Include="..\source\libs\gameLib\commons\LinkToHolder.h">
      <Filter>commons</Filter>
    </ClInclude>
    <ClInclude Include="..\source\libs\gameLib\protobuf\cpp\proto_iid.pb.h">
      <Filter>protobuf\cpp</Filter>
    </ClInclude>
    <ClInclude Include="..\source\libs\gameLib\protobuf\cpp\user_login.pb.h">
      <Filter>protobuf\cpp</Filter>
    </ClInclude>
    <ClInclude Include="..\source\libs\gameLib\protobuf\cpp\res_internal.pb.h">
      <Filter>protobuf\cpp</Filter>
    </ClInclude>
    <ClInclude Include="..\source\libs\gameLib\commons\SessionMthHolder.h">
      <Filter>commons</Filter>
    </ClInclude>
    <ClInclude Include="..\source\libs\gameLib\commons\LinkFromHolder.h">
      <Filter>commons</Filter>
    </ClInclude>
    <ClInclude Include="..\source\libs\gameLib\global_const.h" />
    <ClInclude Include="..\source\libs\gameLib\protobuf\cpp\gatehome_internal.pb.h">
      <Filter>protobuf\cpp</Filter>
    </ClInclude>
    <ClInclude Include="..\source\libs\gameLib\protobuf\cpp\proto_iid_internal.pb.h">
      <Filter>protobuf\cpp</Filter>
    </ClInclude>
    <ClInclude Include="..\source\libs\gameLib\gatehome\GHUsersSeparate.h">
      <Filter>gatehome</Filter>
    </ClInclude>
    <ClInclude Include="..\source\libs\gameLib\protobuf\cpp\global_internal.pb.h">
      <Filter>protobuf\cpp</Filter>
    </ClInclude>
    <ClInclude Include="..\source\libs\gameLib\protobuf\ProtoUtil.h">
      <Filter>protobuf</Filter>
    </ClInclude>
    <ClInclude Include="..\source\libs\gameLib\gatehome\ProtoTokenUtil.h">
      <Filter>gatehome</Filter>
    </ClInclude>
    <ClInclude Include="..\source\libs\gameLib\redis\user_redis_const.h">
      <Filter>redis</Filter>
    </ClInclude>
    <ClInclude Include="..\source\libs\gameLib\protobuf\cpp\db_internal.pb.h">
      <Filter>protobuf\cpp</Filter>
    </ClInclude>
    <ClInclude Include="..\source\libs\gameLib\protobuf\cpp\user_building.pb.h">
      <Filter>protobuf\cpp</Filter>
    </ClInclude>
    <ClInclude Include="..\source\libs\gameLib\protobuf\cpp\user_pet.pb.h">
      <Filter>protobuf\cpp</Filter>
    </ClInclude>
    <ClInclude Include="..\source\libs\gameLib\protobuf\cpp\user_chat.pb.h">
      <Filter>protobuf\cpp</Filter>
    </ClInclude>
    <ClInclude Include="..\source\libs\gameLib\protobuf\cpp\mail_system.pb.h">
      <Filter>protobuf\cpp</Filter>
    </ClInclude>
    <ClInclude Include="..\source\libs\gameLib\protobuf\cpp\item_warehouse.pb.h">
      <Filter>protobuf\cpp</Filter>
    </ClInclude>
    <ClInclude Include="..\source\libs\gameLib\protobuf\cpp\mail_system_internal.pb.h">
      <Filter>protobuf\cpp</Filter>
    </ClInclude>
    <ClInclude Include="..\source\libs\gameLib\protobuf\cpp\friend_system.pb.h">
      <Filter>protobuf\cpp</Filter>
    </ClInclude>
    <ClInclude Include="..\source\libs\gameLib\protobuf\cpp\friend_system_internal.pb.h">
      <Filter>protobuf\cpp</Filter>
    </ClInclude>
    <ClInclude Include="..\source\libs\gameLib\commons\NetLinkFromBase.h">
      <Filter>commons</Filter>
    </ClInclude>
    <ClInclude Include="..\source\libs\gameLib\protobuf\cpp\task_system.pb.h">
      <Filter>protobuf\cpp</Filter>
    </ClInclude>
  </ItemGroup>
  <ItemGroup>
    <Filter Include="eureka">
      <UniqueIdentifier>{f8c96fd1-a5a7-4ffd-846d-710279aaebc4}</UniqueIdentifier>
    </Filter>
    <Filter Include="config">
      <UniqueIdentifier>{0813e61a-31d3-432b-ace4-f0d40f9b9609}</UniqueIdentifier>
    </Filter>
    <Filter Include="redis">
      <UniqueIdentifier>{25d6e3d0-82ae-486c-88ab-aebca06c933d}</UniqueIdentifier>
    </Filter>
    <Filter Include="protobuf">
      <UniqueIdentifier>{12e1f923-90dc-46fa-8af4-d4818e3e2c45}</UniqueIdentifier>
    </Filter>
    <Filter Include="protobuf\cpp">
      <UniqueIdentifier>{034138c4-34e8-4047-b3fc-14683db8692a}</UniqueIdentifier>
    </Filter>
    <Filter Include="commons">
      <UniqueIdentifier>{4e400e24-8dc1-4092-840f-d2ba1e4785af}</UniqueIdentifier>
    </Filter>
    <Filter Include="gatehome">
      <UniqueIdentifier>{101247c1-e827-4a29-b647-b73c483070a5}</UniqueIdentifier>
    </Filter>
  </ItemGroup>
  <ItemGroup>
    <ClCompile Include="..\source\libs\gameLib\config\ConfigTool.cpp">
      <Filter>config</Filter>
    </ClCompile>
    <ClCompile Include="..\source\libs\gameLib\config\FileConfigSourceImpl.cpp">
      <Filter>config</Filter>
    </ClCompile>
    <ClCompile Include="..\source\libs\gameLib\config\HttpConfigSourceImpl.cpp">
      <Filter>config</Filter>
    </ClCompile>
    <ClCompile Include="..\source\libs\gameLib\config\ConfigHelper.cpp">
      <Filter>config</Filter>
    </ClCompile>
    <ClCompile Include="..\source\libs\gameLib\config\RedisOption.cpp">
      <Filter>config</Filter>
    </ClCompile>
    <ClCompile Include="..\source\libs\gameLib\eureka\EurekaClusterClient.cpp">
      <Filter>eureka</Filter>
    </ClCompile>
    <ClCompile Include="..\source\libs\gameLib\eureka\EurekaClusterLink.cpp">
      <Filter>eureka</Filter>
    </ClCompile>
    <ClCompile Include="..\source\libs\gameLib\eureka\EurekaNodeInfo.cpp">
      <Filter>eureka</Filter>
    </ClCompile>
    <ClCompile Include="..\source\libs\gameLib\eureka\EurekaClusterClient_NetCmd.cpp">
      <Filter>eureka</Filter>
    </ClCompile>
    <ClCompile Include="..\source\libs\gameLib\protobuf\cpp\eureka_internal.pb.cc">
      <Filter>protobuf\cpp</Filter>
    </ClCompile>
    <ClCompile Include="..\source\libs\gameLib\protobuf\ProtocolFactory_NetPro.cpp">
      <Filter>protobuf</Filter>
    </ClCompile>
    <ClCompile Include="..\source\libs\gameLib\redis\DTaskRedis.cpp">
      <Filter>redis</Filter>
    </ClCompile>
    <ClCompile Include="..\source\libs\gameLib\eureka\ServiceNodeInfo.cpp">
      <Filter>eureka</Filter>
    </ClCompile>
    <ClCompile Include="..\source\libs\gameLib\protobuf\cpp\proto_iid.pb.cc">
      <Filter>protobuf\cpp</Filter>
    </ClCompile>
    <ClCompile Include="..\source\libs\gameLib\protobuf\cpp\user_login.pb.cc">
      <Filter>protobuf\cpp</Filter>
    </ClCompile>
    <ClCompile Include="..\source\libs\gameLib\protobuf\cpp\res_internal.pb.cc">
      <Filter>protobuf\cpp</Filter>
    </ClCompile>
    <ClCompile Include="..\source\libs\gameLib\protobuf\cpp\gatehome_internal.pb.cc">
      <Filter>protobuf\cpp</Filter>
    </ClCompile>
    <ClCompile Include="..\source\libs\gameLib\protobuf\cpp\proto_iid_internal.pb.cc">
      <Filter>protobuf\cpp</Filter>
    </ClCompile>
    <ClCompile Include="..\source\libs\gameLib\config\DatabaseOption.cpp">
      <Filter>config</Filter>
    </ClCompile>
    <ClCompile Include="..\source\libs\gameLib\protobuf\cpp\global_internal.pb.cc">
      <Filter>protobuf\cpp</Filter>
    </ClCompile>
    <ClCompile Include="..\source\libs\gameLib\protobuf\ProtoUtil.cpp">
      <Filter>protobuf</Filter>
    </ClCompile>
    <ClCompile Include="..\source\libs\gameLib\gatehome\ProtoTokenUtil.cpp">
      <Filter>gatehome</Filter>
    </ClCompile>
    <ClCompile Include="..\source\libs\gameLib\protobuf\cpp\db_internal.pb.cc">
      <Filter>protobuf\cpp</Filter>
    </ClCompile>
    <ClCompile Include="..\source\libs\gameLib\protobuf\cpp\user_building.pb.cc">
      <Filter>protobuf\cpp</Filter>
    </ClCompile>
    <ClCompile Include="..\source\libs\gameLib\protobuf\cpp\user_pet.pb.cc">
      <Filter>protobuf\cpp</Filter>
    </ClCompile>
    <ClCompile Include="..\source\libs\gameLib\protobuf\cpp\user_chat.pb.cc">
      <Filter>protobuf\cpp</Filter>
    </ClCompile>
    <ClCompile Include="..\source\libs\gameLib\protobuf\cpp\mail_system.pb.cc">
      <Filter>protobuf\cpp</Filter>
    </ClCompile>
    <ClCompile Include="..\source\libs\gameLib\protobuf\cpp\item_warehouse.pb.cc">
      <Filter>protobuf\cpp</Filter>
    </ClCompile>
    <ClCompile Include="..\source\libs\gameLib\protobuf\cpp\mail_system_internal.pb.cc">
      <Filter>protobuf\cpp</Filter>
    </ClCompile>
    <ClCompile Include="..\source\libs\gameLib\protobuf\cpp\friend_system.pb.cc">
      <Filter>protobuf\cpp</Filter>
    </ClCompile>
    <ClCompile Include="..\source\libs\gameLib\protobuf\cpp\friend_system_internal.pb.cc">
      <Filter>protobuf\cpp</Filter>
    </ClCompile>
    <ClCompile Include="..\source\libs\gameLib\protobuf\cpp\task_system.pb.cc">
      <Filter>protobuf\cpp</Filter>
    </ClCompile>
  </ItemGroup>
</Project>