
Microsoft Visual Studio Solution File, Format Version 12.00
# Visual Studio 15
VisualStudioVersion = 15.0.28307.1300
MinimumVisualStudioVersion = 10.0.40219.1
Project("{8BC9CEB8-8B4A-11D0-8D11-00A0C91BC942}") = "cmsLib", "cmsLib.vcxproj", "{4D177ACF-BE8F-44BC-8D4E-AE2DB44DA9B7}"
EndProject
Project("{8BC9CEB8-8B4A-11D0-8D11-00A0C91BC942}") = "HomeService", "HomeService.vcxproj", "{1FB3A76C-B55D-46F8-A18E-8C7B2EEF9425}"
	ProjectSection(ProjectDependencies) = postProject
		{E89EB0ED-8A42-436E-A2B9-FC818E9A6DB9} = {E89EB0ED-8A42-436E-A2B9-FC818E9A6DB9}
		{53D53FF1-2475-485F-9343-407DE29E8AC6} = {53D53FF1-2475-485F-9343-407DE29E8AC6}
	EndProjectSection
EndProject
Project("{8BC9CEB8-8B4A-11D0-8D11-00A0C91BC942}") = "gameLib", "gameLib.vcxproj", "{53D53FF1-2475-485F-9343-407DE29E8AC6}"
	ProjectSection(ProjectDependencies) = postProject
		{4D177ACF-BE8F-44BC-8D4E-AE2DB44DA9B7} = {4D177ACF-BE8F-44BC-8D4E-AE2DB44DA9B7}
	EndProjectSection
EndProject
Project("{8BC9CEB8-8B4A-11D0-8D11-00A0C91BC942}") = "taskLib", "taskLib.vcxproj", "{E89EB0ED-8A42-436E-A2B9-FC818E9A6DB9}"
	ProjectSection(ProjectDependencies) = postProject
		{53D53FF1-2475-485F-9343-407DE29E8AC6} = {53D53FF1-2475-485F-9343-407DE29E8AC6}
	EndProjectSection
EndProject
Global
	GlobalSection(SolutionConfigurationPlatforms) = preSolution
		Debug|x64 = Debug|x64
		Release|x64 = Release|x64
	EndGlobalSection
	GlobalSection(ProjectConfigurationPlatforms) = postSolution
		{4D177ACF-BE8F-44BC-8D4E-AE2DB44DA9B7}.Debug|x64.ActiveCfg = Debug|x64
		{4D177ACF-BE8F-44BC-8D4E-AE2DB44DA9B7}.Debug|x64.Build.0 = Debug|x64
		{4D177ACF-BE8F-44BC-8D4E-AE2DB44DA9B7}.Release|x64.ActiveCfg = Release|x64
		{4D177ACF-BE8F-44BC-8D4E-AE2DB44DA9B7}.Release|x64.Build.0 = Release|x64
		{1FB3A76C-B55D-46F8-A18E-8C7B2EEF9425}.Debug|x64.ActiveCfg = Debug|x64
		{1FB3A76C-B55D-46F8-A18E-8C7B2EEF9425}.Debug|x64.Build.0 = Debug|x64
		{1FB3A76C-B55D-46F8-A18E-8C7B2EEF9425}.Release|x64.ActiveCfg = Release|x64
		{1FB3A76C-B55D-46F8-A18E-8C7B2EEF9425}.Release|x64.Build.0 = Release|x64
		{53D53FF1-2475-485F-9343-407DE29E8AC6}.Debug|x64.ActiveCfg = Debug|x64
		{53D53FF1-2475-485F-9343-407DE29E8AC6}.Debug|x64.Build.0 = Debug|x64
		{53D53FF1-2475-485F-9343-407DE29E8AC6}.Release|x64.ActiveCfg = Release|x64
		{53D53FF1-2475-485F-9343-407DE29E8AC6}.Release|x64.Build.0 = Release|x64
		{E89EB0ED-8A42-436E-A2B9-FC818E9A6DB9}.Debug|x64.ActiveCfg = Debug|x64
		{E89EB0ED-8A42-436E-A2B9-FC818E9A6DB9}.Debug|x64.Build.0 = Debug|x64
		{E89EB0ED-8A42-436E-A2B9-FC818E9A6DB9}.Release|x64.ActiveCfg = Release|x64
		{E89EB0ED-8A42-436E-A2B9-FC818E9A6DB9}.Release|x64.Build.0 = Release|x64
	EndGlobalSection
	GlobalSection(SolutionProperties) = preSolution
		HideSolutionNode = FALSE
	EndGlobalSection
	GlobalSection(ExtensibilityGlobals) = postSolution
		SolutionGuid = {6BAE47AE-51C2-4868-A17A-2720C1B34B52}
	EndGlobalSection
EndGlobal
