<?xml version="1.0" encoding="utf-8"?>
<Project ToolsVersion="4.0" xmlns="http://schemas.microsoft.com/developer/msbuild/2003">
  <ItemGroup>
    <ClCompile Include="..\source\LoginService\LoginServiceApp.cpp" />
    <ClCompile Include="..\source\LoginService\LoginServiceApp_NetCmd.cpp" />
    <ClCompile Include="..\source\LoginService\sMain.cpp" />
    <ClCompile Include="..\source\LoginService\player\GamePlayer.cpp">
      <Filter>player</Filter>
    </ClCompile>
    <ClCompile Include="..\source\LoginService\player\GamePlayer_Network.cpp">
      <Filter>player</Filter>
    </ClCompile>
    <ClCompile Include="..\source\LoginService\network\DataRouterLinkTo.cpp">
      <Filter>network</Filter>
    </ClCompile>
    <ClCompile Include="..\source\LoginService\player\GamePlayer_NetSession.cpp">
      <Filter>player</Filter>
    </ClCompile>
  </ItemGroup>
  <ItemGroup>
    <ClInclude Include="..\source\LoginService\LoginServiceApp.h" />
    <ClInclude Include="..\source\LoginService\player\GamePlayer.h">
      <Filter>player</Filter>
    </ClInclude>
    <ClInclude Include="..\source\LoginService\network\DataRouterLinkTo.h">
      <Filter>network</Filter>
    </ClInclude>
    <ClInclude Include="..\source\LoginService\config\LoginConfig.h">
      <Filter>config</Filter>
    </ClInclude>
  </ItemGroup>
  <ItemGroup>
    <Text Include="..\source\LoginService\ReadMe.txt" />
  </ItemGroup>
  <ItemGroup>
    <Filter Include="network">
      <UniqueIdentifier>{39254e0f-5f7d-4fa8-93c5-01914676d959}</UniqueIdentifier>
    </Filter>
    <Filter Include="config">
      <UniqueIdentifier>{29b243af-fc7e-4e00-9662-1cdf17fa93d6}</UniqueIdentifier>
    </Filter>
    <Filter Include="player">
      <UniqueIdentifier>{396f4671-1177-47e5-8175-94bc28226dbc}</UniqueIdentifier>
    </Filter>
  </ItemGroup>
</Project>