
Microsoft Visual Studio Solution File, Format Version 12.00
# Visual Studio 15
VisualStudioVersion = 15.0.28307.1300
MinimumVisualStudioVersion = 10.0.40219.1
Project("{8BC9CEB8-8B4A-11D0-8D11-00A0C91BC942}") = "cmsLib", "..\source\libs\cmsLib\cmsLib.vcxproj", "{4D177ACF-BE8F-44BC-8D4E-AE2DB44DA9B7}"
EndProject
Project("{8BC9CEB8-8B4A-11D0-8D11-00A0C91BC942}") = "gameLib", "..\source\libs\gameLib\gameLib.vcxproj", "{53D53FF1-2475-485F-9343-407DE29E8AC6}"
EndProject
Project("{8BC9CEB8-8B4A-11D0-8D11-00A0C91BC942}") = "sEureka", "..\source\sEureka\sEureka.vcxproj", "{F748C97A-78B6-4CBD-87E1-5A5F173980B6}"
	ProjectSection(ProjectDependencies) = postProject
		{53D53FF1-2475-485F-9343-407DE29E8AC6} = {53D53FF1-2475-485F-9343-407DE29E8AC6}
	EndProjectSection
EndProject
Global
	GlobalSection(SolutionConfigurationPlatforms) = preSolution
		Debug|x64 = Debug|x64
		Release|x64 = Release|x64
	EndGlobalSection
	GlobalSection(ProjectConfigurationPlatforms) = postSolution
		{4D177ACF-BE8F-44BC-8D4E-AE2DB44DA9B7}.Debug|x64.ActiveCfg = Debug|x64
		{4D177ACF-BE8F-44BC-8D4E-AE2DB44DA9B7}.Debug|x64.Build.0 = Debug|x64
		{4D177ACF-BE8F-44BC-8D4E-AE2DB44DA9B7}.Release|x64.ActiveCfg = Release|x64
		{4D177ACF-BE8F-44BC-8D4E-AE2DB44DA9B7}.Release|x64.Build.0 = Release|x64
		{53D53FF1-2475-485F-9343-407DE29E8AC6}.Debug|x64.ActiveCfg = Debug|x64
		{53D53FF1-2475-485F-9343-407DE29E8AC6}.Debug|x64.Build.0 = Debug|x64
		{53D53FF1-2475-485F-9343-407DE29E8AC6}.Release|x64.ActiveCfg = Release|x64
		{53D53FF1-2475-485F-9343-407DE29E8AC6}.Release|x64.Build.0 = Release|x64
		{F748C97A-78B6-4CBD-87E1-5A5F173980B6}.Debug|x64.ActiveCfg = Debug|x64
		{F748C97A-78B6-4CBD-87E1-5A5F173980B6}.Debug|x64.Build.0 = Debug|x64
		{F748C97A-78B6-4CBD-87E1-5A5F173980B6}.Release|x64.ActiveCfg = Release|x64
		{F748C97A-78B6-4CBD-87E1-5A5F173980B6}.Release|x64.Build.0 = Release|x64
	EndGlobalSection
	GlobalSection(SolutionProperties) = preSolution
		HideSolutionNode = FALSE
	EndGlobalSection
	GlobalSection(ExtensibilityGlobals) = postSolution
		SolutionGuid = {FFB535CE-FD3F-4007-8769-6741813524E8}
	EndGlobalSection
EndGlobal
