<?xml version="1.0" encoding="utf-8"?>
<Project ToolsVersion="4.0" xmlns="http://schemas.microsoft.com/developer/msbuild/2003">
  <ItemGroup>
    <Filter Include="cmdtest">
      <UniqueIdentifier>{c324bc44-ab1f-4423-b22f-2061bd1eb98a}</UniqueIdentifier>
    </Filter>
    <Filter Include="cmdtest\ui">
      <UniqueIdentifier>{d4f33c07-1cc2-41ba-a758-096f87f63777}</UniqueIdentifier>
    </Filter>
    <Filter Include="framework">
      <UniqueIdentifier>{d4cafb58-2e34-45da-94ac-704617576d15}</UniqueIdentifier>
    </Filter>
    <Filter Include="framework\Resource Files">
      <UniqueIdentifier>{67DA6AB6-F800-4c08-8B7A-83BB121AAD01}</UniqueIdentifier>
      <Extensions>rc;ico;cur;bmp;dlg;rc2;rct;bin;rgs;gif;jpg;jpeg;jpe;resx</Extensions>
    </Filter>
    <Filter Include="robotcore">
      <UniqueIdentifier>{68eddcf8-a83f-4d2c-a508-6226a64f2143}</UniqueIdentifier>
    </Filter>
    <Filter Include="testaction">
      <UniqueIdentifier>{ff38aa15-23f2-441a-b07a-3598834bd2c3}</UniqueIdentifier>
    </Filter>
    <Filter Include="testaction\core">
      <UniqueIdentifier>{f68eacfb-2af2-4670-8fbf-bb21bfac76cc}</UniqueIdentifier>
    </Filter>
    <Filter Include="uploadlogs">
      <UniqueIdentifier>{910c4958-7ae1-4774-b981-10121712b18a}</UniqueIdentifier>
    </Filter>
  </ItemGroup>
  <ItemGroup>
    <ClCompile Include="CommandTestImpl.cpp">
      <Filter>cmdtest</Filter>
    </ClCompile>
    <ClCompile Include="CommandTestImpl_Script.cpp">
      <Filter>cmdtest</Filter>
    </ClCompile>
    <ClCompile Include="ScriptDlg.cpp">
      <Filter>cmdtest\ui</Filter>
    </ClCompile>
    <ClCompile Include="MsgNotify.cpp">
      <Filter>framework</Filter>
    </ClCompile>
    <ClCompile Include="ThreadTest.cpp">
      <Filter>framework</Filter>
    </ClCompile>
    <ClCompile Include="ThreadTestDlg.cpp">
      <Filter>framework</Filter>
    </ClCompile>
    <ClCompile Include="CommandTestImpl_Cmd.cpp">
      <Filter>cmdtest</Filter>
    </ClCompile>
    <ClCompile Include="CommandTestImpl_Cmd_Building.cpp">
      <Filter>cmdtest</Filter>
    </ClCompile>
    <ClCompile Include="CommandTestImpl_Cmd_Pets.cpp">
      <Filter>cmdtest</Filter>
    </ClCompile>
    <ClCompile Include="CommandTestImpl_Cmd_Mail.cpp">
      <Filter>cmdtest</Filter>
    </ClCompile>
    <ClCompile Include="CommandTestImpl_Cmd_ChatTask.cpp">
      <Filter>cmdtest</Filter>
    </ClCompile>
    <ClCompile Include="CommandTestImpl_Cmd_Friend.cpp">
      <Filter>cmdtest</Filter>
    </ClCompile>
    <ClCompile Include="testcase\BeforeServiceAction.cpp">
      <Filter>testaction</Filter>
    </ClCompile>
    <ClCompile Include="testcase\CaseActionBase_regist.cpp">
      <Filter>testaction</Filter>
    </ClCompile>
    <ClCompile Include="testcase\VirtualUser.cpp">
      <Filter>testaction</Filter>
    </ClCompile>
    <ClCompile Include="testcase\VirtualUser_Script.cpp">
      <Filter>testaction</Filter>
    </ClCompile>
    <ClCompile Include="LogonDlg.cpp">
      <Filter>robotcore</Filter>
    </ClCompile>
    <ClCompile Include="TestCase.cpp">
      <Filter>robotcore</Filter>
    </ClCompile>
    <ClCompile Include="ThreadWrapper.cpp">
      <Filter>robotcore</Filter>
    </ClCompile>
    <ClCompile Include="testcase\core\CaseActionBase.cpp">
      <Filter>testaction\core</Filter>
    </ClCompile>
    <ClCompile Include="testcase\core\DaemonNode.cpp">
      <Filter>testaction\core</Filter>
    </ClCompile>
    <ClCompile Include="testcase\core\FlowCondition.cpp">
      <Filter>testaction\core</Filter>
    </ClCompile>
    <ClCompile Include="testcase\core\FlowNode.cpp">
      <Filter>testaction\core</Filter>
    </ClCompile>
    <ClCompile Include="testcase\core\TestCaseWorkFlow.cpp">
      <Filter>testaction\core</Filter>
    </ClCompile>
    <ClCompile Include="testcase\core\UtilServiceAction.cpp">
      <Filter>testaction\core</Filter>
    </ClCompile>
    <ClCompile Include="uploads\LogSaveUtil.cpp">
      <Filter>uploadlogs</Filter>
    </ClCompile>
    <ClCompile Include="uploads\UploadLogUtil.cpp">
      <Filter>uploadlogs</Filter>
    </ClCompile>
    <ClCompile Include="PhpResult.cpp">
      <Filter>framework</Filter>
    </ClCompile>
    <ClCompile Include="CommandTestImpl_Cmd_Game.cpp">
      <Filter>cmdtest</Filter>
    </ClCompile>
  </ItemGroup>
  <ItemGroup>
    <ClInclude Include="CommandTestImpl.h">
      <Filter>cmdtest</Filter>
    </ClInclude>
    <ClInclude Include="ScriptDlg.h">
      <Filter>cmdtest\ui</Filter>
    </ClInclude>
    <ClInclude Include="MsgNotify.h">
      <Filter>framework</Filter>
    </ClInclude>
    <ClInclude Include="Resource.h">
      <Filter>framework</Filter>
    </ClInclude>
    <ClInclude Include="stdafx.h">
      <Filter>framework</Filter>
    </ClInclude>
    <ClInclude Include="ThreadTestDlg.h">
      <Filter>framework</Filter>
    </ClInclude>
    <ClInclude Include="testcase\BeforeServiceAction.h">
      <Filter>testaction</Filter>
    </ClInclude>
    <ClInclude Include="testcase\VirtualUser.h">
      <Filter>testaction</Filter>
    </ClInclude>
    <ClInclude Include="LogonDlg.h">
      <Filter>robotcore</Filter>
    </ClInclude>
    <ClInclude Include="TestCase.h">
      <Filter>robotcore</Filter>
    </ClInclude>
    <ClInclude Include="ThreadWrapper.h">
      <Filter>robotcore</Filter>
    </ClInclude>
    <ClInclude Include="testcase\core\CaseActionBase.h">
      <Filter>testaction\core</Filter>
    </ClInclude>
    <ClInclude Include="testcase\core\DaemonNode.h">
      <Filter>testaction\core</Filter>
    </ClInclude>
    <ClInclude Include="testcase\core\FlowCondition.h">
      <Filter>testaction\core</Filter>
    </ClInclude>
    <ClInclude Include="testcase\core\FlowNode.h">
      <Filter>testaction\core</Filter>
    </ClInclude>
    <ClInclude Include="testcase\core\TestCaseWorkFlow.h">
      <Filter>testaction\core</Filter>
    </ClInclude>
    <ClInclude Include="testcase\core\UtilServiceAction.h">
      <Filter>testaction\core</Filter>
    </ClInclude>
    <ClInclude Include="uploads\LogSaveUtil.h">
      <Filter>uploadlogs</Filter>
    </ClInclude>
    <ClInclude Include="uploads\UploadLogUtil.h">
      <Filter>uploadlogs</Filter>
    </ClInclude>
    <ClInclude Include="PhpResult.h">
      <Filter>framework</Filter>
    </ClInclude>
  </ItemGroup>
  <ItemGroup>
    <Image Include="res\ThreadTest.ico">
      <Filter>framework\Resource Files</Filter>
    </Image>
  </ItemGroup>
  <ItemGroup>
    <ResourceCompile Include="ThreadTest.rc">
      <Filter>framework\Resource Files</Filter>
    </ResourceCompile>
  </ItemGroup>
</Project>